
Microsoft Visual Studio Solution File, Format Version 12.00
# Visual Studio 14
VisualStudioVersion = 14.0.25420.1
MinimumVisualStudioVersion = 10.0.40219.1
Project("{E24C65DC-7377-472B-9ABA-BC803B73C61A}") = "Schlsapp2", ".", "{3B015648-588B-40AA-A004-CECA8EA2F42B}"
	ProjectSection(WebsiteProperties) = preProject
		TargetFrameworkMoniker = ".NETFramework,Version%3Dv4.5"
		Debug.AspNetCompiler.VirtualPath = "/localhost_31444"
		Debug.AspNetCompiler.PhysicalPath = "..\Schlsapp2\"
		Debug.AspNetCompiler.TargetPath = "PrecompiledWeb\localhost_31444\"
		Debug.AspNetCompiler.Updateable = "true"
		Debug.AspNetCompiler.ForceOverwrite = "true"
		Debug.AspNetCompiler.FixedNames = "false"
		Debug.AspNetCompiler.Debug = "True"
		Release.AspNetCompiler.VirtualPath = "/localhost_31444"
		Release.AspNetCompiler.PhysicalPath = "..\Schlsapp2\"
		Release.AspNetCompiler.TargetPath = "PrecompiledWeb\localhost_31444\"
		Release.AspNetCompiler.Updateable = "true"
		Release.AspNetCompiler.ForceOverwrite = "true"
		Release.AspNetCompiler.FixedNames = "false"
		Release.AspNetCompiler.Debug = "False"
		VWDPort = "31444"
		SlnRelativePath = "..\Schlsapp2\"
	EndProjectSection
EndProject
Global
	GlobalSection(SolutionConfigurationPlatforms) = preSolution
		Debug|Any CPU = Debug|Any CPU
	EndGlobalSection
	GlobalSection(ProjectConfigurationPlatforms) = postSolution
		{3B015648-588B-40AA-A004-CECA8EA2F42B}.Debug|Any CPU.ActiveCfg = Debug|Any CPU
		{3B015648-588B-40AA-A004-CECA8EA2F42B}.Debug|Any CPU.Build.0 = Debug|Any CPU
	EndGlobalSection
	GlobalSection(SolutionProperties) = preSolution
		HideSolutionNode = FALSE
	EndGlobalSection
EndGlobal
